
Microsoft Visual Studio Solution File, Format Version 12.00
# Visual Studio 15
VisualStudioVersion = 15.0.27428.2015
MinimumVisualStudioVersion = 10.0.40219.1
Project("{9A19103F-16F7-4668-BE54-9A1E7A4F7556}") = "Soccernation", "Soccernation\Soccernation.csproj", "{C5207278-AC92-4867-A0B5-63D12F94FAE1}"
EndProject
Global
	GlobalSection(SolutionConfigurationPlatforms) = preSolution
		Debug|Any CPU = Debug|Any CPU
		Release|Any CPU = Release|Any CPU
	EndGlobalSection
	GlobalSection(ProjectConfigurationPlatforms) = postSolution
		{C5207278-AC92-4867-A0B5-63D12F94FAE1}.Debug|Any CPU.ActiveCfg = Debug|Any CPU
		{C5207278-AC92-4867-A0B5-63D12F94FAE1}.Debug|Any CPU.Build.0 = Debug|Any CPU
		{C5207278-AC92-4867-A0B5-63D12F94FAE1}.Release|Any CPU.ActiveCfg = Release|Any CPU
		{C5207278-AC92-4867-A0B5-63D12F94FAE1}.Release|Any CPU.Build.0 = Release|Any CPU
	EndGlobalSection
	GlobalSection(SolutionProperties) = preSolution
		HideSolutionNode = FALSE
	EndGlobalSection
	GlobalSection(ExtensibilityGlobals) = postSolution
		SolutionGuid = {14E5D3DF-4245-4138-8465-4CD04443C50C}
	EndGlobalSection
EndGlobal
